{
  "version": "2",
  "remote": {
    "https://deno.land/std@0.116.0/bytes/bytes_list.ts": "3bff6a09c72b2e0b1e92e29bd3b135053894196cca07a2bba842901073efe5cb",
    "https://deno.land/std@0.116.0/streams/delimiter.ts": "25a35824fffaaf620f7304bf4522eb4fc8b205a9e98120e8956ea113ec6898aa",
    "https://deno.land/std@0.128.0/_util/assert.ts": "e94f2eb37cebd7f199952e242c77654e43333c1ac4c5c700e929ea3aa5489f74",
    "https://deno.land/std@0.128.0/_util/os.ts": "49b92edea1e82ba295ec946de8ffd956ed123e2948d9bd1d3e901b04e4307617",
    "https://deno.land/std@0.128.0/async/deadline.ts": "48ac998d7564969f3e6ec6b6f9bf0217ebd00239b1b2292feba61272d5dd58d0",
    "https://deno.land/std@0.128.0/async/debounce.ts": "564273ef242bcfcda19a439132f940db8694173abffc159ea34f07d18fc42620",
    "https://deno.land/std@0.128.0/async/deferred.ts": "bc18e28108252c9f67dfca2bbc4587c3cbf3aeb6e155f8c864ca8ecff992b98a",
    "https://deno.land/std@0.128.0/async/delay.ts": "cbbdf1c87d1aed8edc7bae13592fb3e27e3106e0748f089c263390d4f49e5f6c",
    "https://deno.land/std@0.128.0/async/mod.ts": "a28709190a1966cb50e5815ef269bb588ee192373cde73b1096641820dc52a36",
    "https://deno.land/std@0.128.0/async/mux_async_iterator.ts": "f4d1d259b0c694d381770ddaaa4b799a94843eba80c17f4a2ec2949168e52d1e",
    "https://deno.land/std@0.128.0/async/pool.ts": "97b0dd27c69544e374df857a40902e74e39532f226005543eabacb551e277082",
    "https://deno.land/std@0.128.0/async/tee.ts": "1341feb1f5b1a96f8628d0f8fc07d8c43d3813423f18a63bf1b4785568d21b1f",
    "https://deno.land/std@0.128.0/http/server.ts": "10c3a7814666cdbabd6f9c18acdcc4593e222275a628280a4868881445fbb5bc",
    "https://deno.land/std@0.128.0/path/_constants.ts": "df1db3ffa6dd6d1252cc9617e5d72165cd2483df90e93833e13580687b6083c3",
    "https://deno.land/std@0.128.0/path/_interface.ts": "ee3b431a336b80cf445441109d089b70d87d5e248f4f90ff906820889ecf8d09",
    "https://deno.land/std@0.128.0/path/_util.ts": "c1e9686d0164e29f7d880b2158971d805b6e0efc3110d0b3e24e4b8af2190d2b",
    "https://deno.land/std@0.128.0/path/common.ts": "bee563630abd2d97f99d83c96c2fa0cca7cee103e8cb4e7699ec4d5db7bd2633",
    "https://deno.land/std@0.128.0/path/glob.ts": "cb5255638de1048973c3e69e420c77dc04f75755524cb3b2e160fe9277d939ee",
    "https://deno.land/std@0.128.0/path/mod.ts": "4275129bb766f0e475ecc5246aa35689eeade419d72a48355203f31802640be7",
    "https://deno.land/std@0.128.0/path/posix.ts": "663e4a6fe30a145f56aa41a22d95114c4c5582d8b57d2d7c9ed27ad2c47636bb",
    "https://deno.land/std@0.128.0/path/separator.ts": "fe1816cb765a8068afb3e8f13ad272351c85cbc739af56dacfc7d93d710fe0f9",
    "https://deno.land/std@0.128.0/path/win32.ts": "e7bdf63e8d9982b4d8a01ef5689425c93310ece950e517476e22af10f41a136e",
    "https://deno.land/std@0.148.0/_util/assert.ts": "e94f2eb37cebd7f199952e242c77654e43333c1ac4c5c700e929ea3aa5489f74",
    "https://deno.land/std@0.148.0/_util/os.ts": "3b4c6e27febd119d36a416d7a97bd3b0251b77c88942c8f16ee5953ea13e2e49",
    "https://deno.land/std@0.148.0/bytes/bytes_list.ts": "aba5e2369e77d426b10af1de0dcc4531acecec27f9b9056f4f7bfbf8ac147ab4",
    "https://deno.land/std@0.148.0/flags/mod.ts": "594472736e24b2f2afd3451cf7ccd58a21706ce91006478a544fdfa056c69697",
    "https://deno.land/std@0.148.0/fmt/colors.ts": "6f9340b7fb8cc25a993a99e5efc56fe81bb5af284ff412129dd06df06f53c0b4",
    "https://deno.land/std@0.148.0/path/_constants.ts": "df1db3ffa6dd6d1252cc9617e5d72165cd2483df90e93833e13580687b6083c3",
    "https://deno.land/std@0.148.0/path/_interface.ts": "ee3b431a336b80cf445441109d089b70d87d5e248f4f90ff906820889ecf8d09",
    "https://deno.land/std@0.148.0/path/_util.ts": "c1e9686d0164e29f7d880b2158971d805b6e0efc3110d0b3e24e4b8af2190d2b",
    "https://deno.land/std@0.148.0/path/common.ts": "bee563630abd2d97f99d83c96c2fa0cca7cee103e8cb4e7699ec4d5db7bd2633",
    "https://deno.land/std@0.148.0/path/glob.ts": "cb5255638de1048973c3e69e420c77dc04f75755524cb3b2e160fe9277d939ee",
    "https://deno.land/std@0.148.0/path/mod.ts": "4945b430b759b0b3d98f2a278542cbcf95e0ad2bd8eaaed3c67322b306b2b346",
    "https://deno.land/std@0.148.0/path/posix.ts": "c1f7afe274290ea0b51da07ee205653b2964bd74909a82deb07b69a6cc383aaa",
    "https://deno.land/std@0.148.0/path/separator.ts": "fe1816cb765a8068afb3e8f13ad272351c85cbc739af56dacfc7d93d710fe0f9",
    "https://deno.land/std@0.148.0/path/win32.ts": "bd7549042e37879c68ff2f8576a25950abbfca1d696d41d82c7bca0b7e6f452c",
    "https://deno.land/std@0.148.0/streams/delimiter.ts": "4c568cdbdc71a8563f8e3b032ec0bbd52992fc4a1cf257baa00cf6b4f7034bd4",
    "https://deno.land/std@0.167.0/dotenv/mod.ts": "9846f28b263c0c793345d74939f69bf34b46446aa2450e070c10a2140064165a",
    "https://deno.land/std@0.167.0/dotenv/util.ts": "6cc392f087577a26a27f0463f77cc0c31a390aa055917099935b36eb2454592d",
    "https://deno.land/std@0.168.0/collections/filter_values.ts": "3f19ad44dce3a5e2430c47759d0068d6cef44a186a554da1c28ef27448bf7dfc",
    "https://deno.land/std@0.168.0/collections/without_all.ts": "d0adc99202b5b23d38fc7733410f84ae0b1af5fbf2ca2ce7cf184ffe36b599be",
    "https://deno.land/std@0.168.0/dotenv/mod.ts": "c6a7804fe59ae566cb2bebc11829f717d840cd498a339131ffeafb9fbbea94e6",
    "https://deno.land/std@0.97.0/fmt/colors.ts": "db22b314a2ae9430ae7460ce005e0a7130e23ae1c999157e3bb77cf55800f7e4",
    "https://deno.land/x/deploy@1.4.0/deployctl.ts": "60e3ac3d94fdd05e1dec30cdf02157bcf81cb06002936f30bfd1a2849dddced8",
    "https://deno.land/x/deploy@1.4.0/deps.ts": "8da42431092a17e79f791e31d303fe995777391e0fb1d8471e4e0ba1a65ce7ff",
    "https://deno.land/x/deploy@1.4.0/src/error.ts": "210ed17495e05df34135150b2f268fbc321e7cea76e7bf62b3d1b82f0dc30fdb",
    "https://deno.land/x/deploy@1.4.0/src/subcommands/deploy.ts": "942d88b863db5206ce3dad0134b580e8407a078c1d300cefc7370f5b4d74ad53",
    "https://deno.land/x/deploy@1.4.0/src/subcommands/upgrade.ts": "922b611b52a6258eac99b61fb2bb890c61857bca66c4ff3735f4d8744fe5ad0c",
    "https://deno.land/x/deploy@1.4.0/src/utils/api.ts": "92e49746761ea4a76622ea4d64f07fa07cdb2f43ce38e057a073f6d6ecdea65c",
    "https://deno.land/x/deploy@1.4.0/src/utils/api_types.ts": "621b634b8da78c8206959253e4351a343ccad5f9152e79d12c812dd96a8c6173",
    "https://deno.land/x/deploy@1.4.0/src/utils/entrypoint.ts": "1432ed4837d88a52a820dd5946c0466c30a0dd5f2dbe2ed5cc6060a71987c249",
    "https://deno.land/x/deploy@1.4.0/src/utils/info.ts": "1d60a2292269c4406f193ab1674203c690b057435de28c5d7a9fafd3d218091c",
    "https://deno.land/x/deploy@1.4.0/src/utils/walk.ts": "e69cc3c5b73597724756cfaf7e2d9a4198d440edd9b6e9f3d2f0f153e847213f",
    "https://deno.land/x/deploy@1.4.0/src/version.ts": "30c413561f3a96a5bbc762169faea650bbab9bd681ec7a389314a53d7b12a19e",
    "https://deno.land/x/dotenv@v3.2.0/mod.ts": "077b48773de9205266a0b44c3c3a3c3083449ed64bb0b6cc461b95720678d38e",
    "https://deno.land/x/dotenv@v3.2.0/util.ts": "693730877b13f8ead2b79b2aa31e2a0652862f7dc0c5f6d2f313f4d39c7b7670",
    "https://deno.land/x/semver@v1.4.0/mod.ts": "c3e08f7f0a3e625015ecc9a46cf79a9dc3f081f3c5b3037d3c49c0773e58d265",
    "https://deno.land/x/tty@0.1.4/ansi_regex.ts": "1d3b0c7289164f93c9ebafe3bbd05a723568a250cc5c29c0cc922ff55af9a238",
    "https://deno.land/x/tty@0.1.4/combining.ts": "a615e9479d8bc901e3a727e5cae83c0aa1d4ca1e75fa040861d9905d16b30ffc",
    "https://deno.land/x/tty@0.1.4/is_interactive.ts": "37080d92399827215e60a57d97013aefbdbc038e7a5d2346abd298a7010525e6",
    "https://deno.land/x/tty@0.1.4/mod.ts": "65f44c03d7c3daee2b87c6a2a20b0653dec9e3b4ece8183bb0a82233a0e05ff0",
    "https://deno.land/x/tty@0.1.4/strip_ansi.ts": "6671d8d44da192a713aac06fb9a0959a3c0b11a161438fdf540856e2208857d9",
    "https://deno.land/x/tty@0.1.4/tty_async.ts": "cbcdc8132754084153680dd3fbc73acb58e0b9232aff09897a46edcf6f637967",
    "https://deno.land/x/tty@0.1.4/tty_sync.ts": "ad5d986dbd561e5768c49bf48a54580521bdfe95aa41869e8c84d99dbae0ff08",
    "https://deno.land/x/tty@0.1.4/util.ts": "fd50eb009b46f01461f3d38decaf4366c4970bbd818edc39b58a574efe67dbb7",
    "https://deno.land/x/tty@0.1.4/wcwidth.ts": "ab712adbbe4a07c27cc0ab89b99c3a77d28fe911c0fd1c8cebd867efc1fb4416",
    "https://deno.land/x/wait@0.1.12/deps.ts": "5e26f3a59058cd8870ff0168340a1808c13fef289940ecc8c96e46a89a17514d",
    "https://deno.land/x/wait@0.1.12/log_symbols.ts": "cdf2d0aa44754d10fddd55999e933886a4d753f2acfc1219f629427ccc776ac7",
    "https://deno.land/x/wait@0.1.12/mod.ts": "83211441439cd0f794f4e95fbb6c766929dd6886169100d3bdf2ea1ea5e3adfe",
    "https://deno.land/x/wait@0.1.12/spinners.ts": "289346d54f8d6152a5dcd67b67e47784cf9b7a8a8f6f0b6dc041ebc2ef6bb76c"
  },
  "npm": {
    "specifiers": { "prisma": "prisma@4.7.1" },
    "packages": {
      "@prisma/engines@4.7.1": {
        "integrity": "sha512-zWabHosTdLpXXlMefHmnouhXMoTB1+SCbUU3t4FCmdrtIOZcarPKU3Alto7gm/pZ9vHlGOXHCfVZ1G7OIrSbog==",
        "dependencies": {}
      },
      "prisma@4.7.1": {
        "integrity": "sha512-CCQP+m+1qZOGIZlvnL6T3ZwaU0LAleIHYFPN9tFSzjs/KL6vH9rlYbGOkTuG9Q1s6Ki5D0LJlYlW18Z9EBUpGg==",
        "dependencies": { "@prisma/engines": "@prisma/engines@4.7.1" }
      }
    }
  }
}
